// !$*UTF8*$!
{
	archiveVersion = 1;
	classes = {
	};
	objectVersion = 51;
	objects = {

/* Begin PBXBuildFile section */
		1EAE231CEA1D49E1550693E4 /* Pods_XMissions_rest.framework in Frameworks */ = {isa = PBXBuildFile; fileRef = 823891BC21B6CFC6D6AF1279 /* Pods_XMissions_rest.framework */; };
		830DD658268DE8DA000B85C3 /* View.swift in Sources */ = {isa = PBXBuildFile; fileRef = 830DD657268DE8DA000B85C3 /* View.swift */; };
		830DD65B268DFB59000B85C3 /* ImageSlider.swift in Sources */ = {isa = PBXBuildFile; fileRef = 830DD65A268DFB59000B85C3 /* ImageSlider.swift */; };
		830DD65F268DFC43000B85C3 /* Information.swift in Sources */ = {isa = PBXBuildFile; fileRef = 830DD65E268DFC43000B85C3 /* Information.swift */; };
		830DD661268E0B6A000B85C3 /* LabelDivider.swift in Sources */ = {isa = PBXBuildFile; fileRef = 830DD660268E0B6A000B85C3 /* LabelDivider.swift */; };
		83EFEDA02687A0CA001031FE /* XMissions_restApp.swift in Sources */ = {isa = PBXBuildFile; fileRef = 83EFED9F2687A0CA001031FE /* XMissions_restApp.swift */; };
		83EFEDA22687A0CA001031FE /* ContentView.swift in Sources */ = {isa = PBXBuildFile; fileRef = 83EFEDA12687A0CA001031FE /* ContentView.swift */; };
		83EFEDA42687A0CC001031FE /* Assets.xcassets in Resources */ = {isa = PBXBuildFile; fileRef = 83EFEDA32687A0CC001031FE /* Assets.xcassets */; };
		83EFEDA72687A0CC001031FE /* Preview Assets.xcassets in Resources */ = {isa = PBXBuildFile; fileRef = 83EFEDA62687A0CC001031FE /* Preview Assets.xcassets */; };
		83EFEDB32687A7CF001031FE /* ContentVM.swift in Sources */ = {isa = PBXBuildFile; fileRef = 83EFEDB22687A7CF001031FE /* ContentVM.swift */; };
		83EFEDB626888505001031FE /* Network.swift in Sources */ = {isa = PBXBuildFile; fileRef = 83EFEDB526888505001031FE /* Network.swift */; };
		83EFEDB82688869A001031FE /* URLs.swift in Sources */ = {isa = PBXBuildFile; fileRef = 83EFEDB72688869A001031FE /* URLs.swift */; };
		83EFEDBA26888A2A001031FE /* NetworkModel.swift in Sources */ = {isa = PBXBuildFile; fileRef = 83EFEDB926888A2A001031FE /* NetworkModel.swift */; };
		83EFEDBE2688CF10001031FE /* Models.swift in Sources */ = {isa = PBXBuildFile; fileRef = 83EFEDBD2688CF10001031FE /* Models.swift */; };
		83EFEDC02688D083001031FE /* HomeVM.swift in Sources */ = {isa = PBXBuildFile; fileRef = 83EFEDBF2688D083001031FE /* HomeVM.swift */; };
		83EFEDC72688D2FA001031FE /* Tools.swift in Sources */ = {isa = PBXBuildFile; fileRef = 83EFEDC62688D2FA001031FE /* Tools.swift */; };
		83EFEDC92688D402001031FE /* TabBarView.swift in Sources */ = {isa = PBXBuildFile; fileRef = 83EFEDC82688D402001031FE /* TabBarView.swift */; };
		83EFEDCB2688D45F001031FE /* HomeView.swift in Sources */ = {isa = PBXBuildFile; fileRef = 83EFEDCA2688D45F001031FE /* HomeView.swift */; };
		83EFEDCD2688D46E001031FE /* CompanyView.swift in Sources */ = {isa = PBXBuildFile; fileRef = 83EFEDCC2688D46E001031FE /* CompanyView.swift */; };
		83EFEDCF2689ECDE001031FE /* CompanyVM.swift in Sources */ = {isa = PBXBuildFile; fileRef = 83EFEDCE2689ECDE001031FE /* CompanyVM.swift */; };
		83EFEDE7268A337D001031FE /* IRANYekanMobileRegular.ttf in Resources */ = {isa = PBXBuildFile; fileRef = 83EFEDE4268A337D001031FE /* IRANYekanMobileRegular.ttf */; };
		83EFEDE8268A337D001031FE /* IRANYekanMobileLight.ttf in Resources */ = {isa = PBXBuildFile; fileRef = 83EFEDE5268A337D001031FE /* IRANYekanMobileLight.ttf */; };
		83EFEDE9268A337D001031FE /* IRANYekanMobileBold.ttf in Resources */ = {isa = PBXBuildFile; fileRef = 83EFEDE6268A337D001031FE /* IRANYekanMobileBold.ttf */; };
		83EFEDED268A4367001031FE /* Font.swift in Sources */ = {isa = PBXBuildFile; fileRef = 83EFEDEC268A4367001031FE /* Font.swift */; };
		83EFEDF0268C469F001031FE /* UpcomingList.swift in Sources */ = {isa = PBXBuildFile; fileRef = 83EFEDEF268C469F001031FE /* UpcomingList.swift */; };
		83EFEDF2268C4A32001031FE /* MissionCell.swift in Sources */ = {isa = PBXBuildFile; fileRef = 83EFEDF1268C4A32001031FE /* MissionCell.swift */; };
		83EFEDF4268C4B73001031FE /* Date.swift in Sources */ = {isa = PBXBuildFile; fileRef = 83EFEDF3268C4B73001031FE /* Date.swift */; };
		83EFEDF6268C5C94001031FE /* MissionDetails.swift in Sources */ = {isa = PBXBuildFile; fileRef = 83EFEDF5268C5C94001031FE /* MissionDetails.swift */; };
/* End PBXBuildFile section */

/* Begin PBXFileReference section */
		823891BC21B6CFC6D6AF1279 /* Pods_XMissions_rest.framework */ = {isa = PBXFileReference; explicitFileType = wrapper.framework; includeInIndex = 0; path = Pods_XMissions_rest.framework; sourceTree = BUILT_PRODUCTS_DIR; };
		830DD657268DE8DA000B85C3 /* View.swift */ = {isa = PBXFileReference; lastKnownFileType = sourcecode.swift; path = View.swift; sourceTree = "<group>"; };
		830DD65A268DFB59000B85C3 /* ImageSlider.swift */ = {isa = PBXFileReference; lastKnownFileType = sourcecode.swift; path = ImageSlider.swift; sourceTree = "<group>"; };
		830DD65E268DFC43000B85C3 /* Information.swift */ = {isa = PBXFileReference; lastKnownFileType = sourcecode.swift; path = Information.swift; sourceTree = "<group>"; };
		830DD660268E0B6A000B85C3 /* LabelDivider.swift */ = {isa = PBXFileReference; lastKnownFileType = sourcecode.swift; path = LabelDivider.swift; sourceTree = "<group>"; };
		83EFED9C2687A0CA001031FE /* XMissions-rest.app */ = {isa = PBXFileReference; explicitFileType = wrapper.application; includeInIndex = 0; path = "XMissions-rest.app"; sourceTree = BUILT_PRODUCTS_DIR; };
		83EFED9F2687A0CA001031FE /* XMissions_restApp.swift */ = {isa = PBXFileReference; lastKnownFileType = sourcecode.swift; path = XMissions_restApp.swift; sourceTree = "<group>"; };
		83EFEDA12687A0CA001031FE /* ContentView.swift */ = {isa = PBXFileReference; lastKnownFileType = sourcecode.swift; path = ContentView.swift; sourceTree = "<group>"; };
		83EFEDA32687A0CC001031FE /* Assets.xcassets */ = {isa = PBXFileReference; lastKnownFileType = folder.assetcatalog; path = Assets.xcassets; sourceTree = "<group>"; };
		83EFEDA62687A0CC001031FE /* Preview Assets.xcassets */ = {isa = PBXFileReference; lastKnownFileType = folder.assetcatalog; path = "Preview Assets.xcassets"; sourceTree = "<group>"; };
		83EFEDA82687A0CC001031FE /* Info.plist */ = {isa = PBXFileReference; lastKnownFileType = text.plist.xml; path = Info.plist; sourceTree = "<group>"; };
		83EFEDB22687A7CF001031FE /* ContentVM.swift */ = {isa = PBXFileReference; lastKnownFileType = sourcecode.swift; path = ContentVM.swift; sourceTree = "<group>"; };
		83EFEDB526888505001031FE /* Network.swift */ = {isa = PBXFileReference; lastKnownFileType = sourcecode.swift; path = Network.swift; sourceTree = "<group>"; };
		83EFEDB72688869A001031FE /* URLs.swift */ = {isa = PBXFileReference; lastKnownFileType = sourcecode.swift; path = URLs.swift; sourceTree = "<group>"; };
		83EFEDB926888A2A001031FE /* NetworkModel.swift */ = {isa = PBXFileReference; lastKnownFileType = sourcecode.swift; path = NetworkModel.swift; sourceTree = "<group>"; };
		83EFEDBD2688CF10001031FE /* Models.swift */ = {isa = PBXFileReference; lastKnownFileType = sourcecode.swift; path = Models.swift; sourceTree = "<group>"; };
		83EFEDBF2688D083001031FE /* HomeVM.swift */ = {isa = PBXFileReference; lastKnownFileType = sourcecode.swift; path = HomeVM.swift; sourceTree = "<group>"; };
		83EFEDC62688D2FA001031FE /* Tools.swift */ = {isa = PBXFileReference; lastKnownFileType = sourcecode.swift; path = Tools.swift; sourceTree = "<group>"; };
		83EFEDC82688D402001031FE /* TabBarView.swift */ = {isa = PBXFileReference; lastKnownFileType = sourcecode.swift; path = TabBarView.swift; sourceTree = "<group>"; };
		83EFEDCA2688D45F001031FE /* HomeView.swift */ = {isa = PBXFileReference; lastKnownFileType = sourcecode.swift; path = HomeView.swift; sourceTree = "<group>"; };
		83EFEDCC2688D46E001031FE /* CompanyView.swift */ = {isa = PBXFileReference; lastKnownFileType = sourcecode.swift; path = CompanyView.swift; sourceTree = "<group>"; };
		83EFEDCE2689ECDE001031FE /* CompanyVM.swift */ = {isa = PBXFileReference; lastKnownFileType = sourcecode.swift; path = CompanyVM.swift; sourceTree = "<group>"; };
		83EFEDE4268A337D001031FE /* IRANYekanMobileRegular.ttf */ = {isa = PBXFileReference; lastKnownFileType = file; path = IRANYekanMobileRegular.ttf; sourceTree = "<group>"; };
		83EFEDE5268A337D001031FE /* IRANYekanMobileLight.ttf */ = {isa = PBXFileReference; lastKnownFileType = file; path = IRANYekanMobileLight.ttf; sourceTree = "<group>"; };
		83EFEDE6268A337D001031FE /* IRANYekanMobileBold.ttf */ = {isa = PBXFileReference; lastKnownFileType = file; path = IRANYekanMobileBold.ttf; sourceTree = "<group>"; };
		83EFEDEC268A4367001031FE /* Font.swift */ = {isa = PBXFileReference; lastKnownFileType = sourcecode.swift; path = Font.swift; sourceTree = "<group>"; };
		83EFEDEF268C469F001031FE /* UpcomingList.swift */ = {isa = PBXFileReference; lastKnownFileType = sourcecode.swift; path = UpcomingList.swift; sourceTree = "<group>"; };
		83EFEDF1268C4A32001031FE /* MissionCell.swift */ = {isa = PBXFileReference; lastKnownFileType = sourcecode.swift; path = MissionCell.swift; sourceTree = "<group>"; };
		83EFEDF3268C4B73001031FE /* Date.swift */ = {isa = PBXFileReference; lastKnownFileType = sourcecode.swift; path = Date.swift; sourceTree = "<group>"; };
		83EFEDF5268C5C94001031FE /* MissionDetails.swift */ = {isa = PBXFileReference; lastKnownFileType = sourcecode.swift; path = MissionDetails.swift; sourceTree = "<group>"; };
		D2C09A29286A9D6C53DD299D /* Pods-XMissions-rest.release.xcconfig */ = {isa = PBXFileReference; includeInIndex = 1; lastKnownFileType = text.xcconfig; name = "Pods-XMissions-rest.release.xcconfig"; path = "Target Support Files/Pods-XMissions-rest/Pods-XMissions-rest.release.xcconfig"; sourceTree = "<group>"; };
		D4A8564F8CD4570DB7EF5D38 /* Pods-XMissions-rest.debug.xcconfig */ = {isa = PBXFileReference; includeInIndex = 1; lastKnownFileType = text.xcconfig; name = "Pods-XMissions-rest.debug.xcconfig"; path = "Target Support Files/Pods-XMissions-rest/Pods-XMissions-rest.debug.xcconfig"; sourceTree = "<group>"; };
/* End PBXFileReference section */

/* Begin PBXFrameworksBuildPhase section */
		83EFED992687A0CA001031FE /* Frameworks */ = {
			isa = PBXFrameworksBuildPhase;
			buildActionMask = 2147483647;
			files = (
				1EAE231CEA1D49E1550693E4 /* Pods_XMissions_rest.framework in Frameworks */,
			);
			runOnlyForDeploymentPostprocessing = 0;
		};
/* End PBXFrameworksBuildPhase section */

/* Begin PBXGroup section */
		1373176491555647D5FC8FFB /* Pods */ = {
			isa = PBXGroup;
			children = (
				D4A8564F8CD4570DB7EF5D38 /* Pods-XMissions-rest.debug.xcconfig */,
				D2C09A29286A9D6C53DD299D /* Pods-XMissions-rest.release.xcconfig */,
			);
			path = Pods;
			sourceTree = "<group>";
		};
		830DD659268DFB31000B85C3 /* MissionDetails */ = {
			isa = PBXGroup;
			children = (
				83EFEDF5268C5C94001031FE /* MissionDetails.swift */,
				830DD65A268DFB59000B85C3 /* ImageSlider.swift */,
				830DD65E268DFC43000B85C3 /* Information.swift */,
			);
			path = MissionDetails;
			sourceTree = "<group>";
		};
		83EFED932687A0CA001031FE = {
			isa = PBXGroup;
			children = (
				83EFED9E2687A0CA001031FE /* XMissions-rest */,
				83EFED9D2687A0CA001031FE /* Products */,
				1373176491555647D5FC8FFB /* Pods */,
				8B61D44E4A796A3C89813C16 /* Frameworks */,
			);
			sourceTree = "<group>";
		};
		83EFED9D2687A0CA001031FE /* Products */ = {
			isa = PBXGroup;
			children = (
				83EFED9C2687A0CA001031FE /* XMissions-rest.app */,
			);
			name = Products;
			sourceTree = "<group>";
		};
		83EFED9E2687A0CA001031FE /* XMissions-rest */ = {
			isa = PBXGroup;
			children = (
				83EFED9F2687A0CA001031FE /* XMissions_restApp.swift */,
				83EFEDB426888497001031FE /* Services */,
				83EFEDAE2687A688001031FE /* Views */,
				83EFEDB02687A6BF001031FE /* View Models */,
				83EFEDAF2687A6A2001031FE /* Models */,
				83EFEDC52688D2D8001031FE /* Extenstions */,
				83EFEDDD268A3156001031FE /* Fonts */,
				83EFEDA32687A0CC001031FE /* Assets.xcassets */,
				83EFEDA82687A0CC001031FE /* Info.plist */,
				83EFEDA52687A0CC001031FE /* Preview Content */,
			);
			path = "XMissions-rest";
			sourceTree = "<group>";
		};
		83EFEDA52687A0CC001031FE /* Preview Content */ = {
			isa = PBXGroup;
			children = (
				83EFEDA62687A0CC001031FE /* Preview Assets.xcassets */,
			);
			path = "Preview Content";
			sourceTree = "<group>";
		};
		83EFEDAE2687A688001031FE /* Views */ = {
			isa = PBXGroup;
			children = (
				83EFEDA12687A0CA001031FE /* ContentView.swift */,
				83EFEDCA2688D45F001031FE /* HomeView.swift */,
				83EFEDCC2688D46E001031FE /* CompanyView.swift */,
				83EFEDEE268C466B001031FE /* Launches */,
				83EFEDB12687A77F001031FE /* Components */,
			);
			path = Views;
			sourceTree = "<group>";
		};
		83EFEDAF2687A6A2001031FE /* Models */ = {
			isa = PBXGroup;
			children = (
				83EFEDB926888A2A001031FE /* NetworkModel.swift */,
				83EFEDBD2688CF10001031FE /* Models.swift */,
			);
			path = Models;
			sourceTree = "<group>";
		};
		83EFEDB02687A6BF001031FE /* View Models */ = {
			isa = PBXGroup;
			children = (
				83EFEDB22687A7CF001031FE /* ContentVM.swift */,
				83EFEDBF2688D083001031FE /* HomeVM.swift */,
				83EFEDCE2689ECDE001031FE /* CompanyVM.swift */,
			);
			path = "View Models";
			sourceTree = "<group>";
		};
		83EFEDB12687A77F001031FE /* Components */ = {
			isa = PBXGroup;
			children = (
				83EFEDC82688D402001031FE /* TabBarView.swift */,
				830DD660268E0B6A000B85C3 /* LabelDivider.swift */,
			);
			path = Components;
			sourceTree = "<group>";
		};
		83EFEDB426888497001031FE /* Services */ = {
			isa = PBXGroup;
			children = (
				83EFEDB526888505001031FE /* Network.swift */,
				83EFEDB72688869A001031FE /* URLs.swift */,
			);
			path = Services;
			sourceTree = "<group>";
		};
		83EFEDC52688D2D8001031FE /* Extenstions */ = {
			isa = PBXGroup;
			children = (
				83EFEDC62688D2FA001031FE /* Tools.swift */,
				83EFEDEC268A4367001031FE /* Font.swift */,
				83EFEDF3268C4B73001031FE /* Date.swift */,
				830DD657268DE8DA000B85C3 /* View.swift */,
			);
			path = Extenstions;
			sourceTree = "<group>";
		};
		83EFEDDD268A3156001031FE /* Fonts */ = {
			isa = PBXGroup;
			children = (
				83EFEDE6268A337D001031FE /* IRANYekanMobileBold.ttf */,
				83EFEDE5268A337D001031FE /* IRANYekanMobileLight.ttf */,
				83EFEDE4268A337D001031FE /* IRANYekanMobileRegular.ttf */,
			);
			path = Fonts;
			sourceTree = "<group>";
		};
		83EFEDEE268C466B001031FE /* Launches */ = {
			isa = PBXGroup;
			children = (
				83EFEDEF268C469F001031FE /* UpcomingList.swift */,
				83EFEDF1268C4A32001031FE /* MissionCell.swift */,
				830DD659268DFB31000B85C3 /* MissionDetails */,
			);
			path = Launches;
			sourceTree = "<group>";
		};
		8B61D44E4A796A3C89813C16 /* Frameworks */ = {
			isa = PBXGroup;
			children = (
				823891BC21B6CFC6D6AF1279 /* Pods_XMissions_rest.framework */,
			);
			name = Frameworks;
			sourceTree = "<group>";
		};
/* End PBXGroup section */

/* Begin PBXNativeTarget section */
		83EFED9B2687A0CA001031FE /* XMissions-rest */ = {
			isa = PBXNativeTarget;
			buildConfigurationList = 83EFEDAB2687A0CC001031FE /* Build configuration list for PBXNativeTarget "XMissions-rest" */;
			buildPhases = (
				6E3598B6E6231AD8087E22C9 /* [CP] Check Pods Manifest.lock */,
				83EFED982687A0CA001031FE /* Sources */,
				83EFED992687A0CA001031FE /* Frameworks */,
				83EFED9A2687A0CA001031FE /* Resources */,
				BEC09CC327E670F0CE746F17 /* [CP] Embed Pods Frameworks */,
			);
			buildRules = (
			);
			dependencies = (
			);
			name = "XMissions-rest";
			productName = "XMissions-rest";
			productReference = 83EFED9C2687A0CA001031FE /* XMissions-rest.app */;
			productType = "com.apple.product-type.application";
		};
/* End PBXNativeTarget section */

/* Begin PBXProject section */
		83EFED942687A0CA001031FE /* Project object */ = {
			isa = PBXProject;
			attributes = {
				LastSwiftUpdateCheck = 1250;
				LastUpgradeCheck = 1250;
				TargetAttributes = {
					83EFED9B2687A0CA001031FE = {
						CreatedOnToolsVersion = 12.5.1;
					};
				};
			};
			buildConfigurationList = 83EFED972687A0CA001031FE /* Build configuration list for PBXProject "XMissions-rest" */;
			compatibilityVersion = "Xcode 9.3";
			developmentRegion = en;
			hasScannedForEncodings = 0;
			knownRegions = (
				en,
				Base,
			);
			mainGroup = 83EFED932687A0CA001031FE;
			productRefGroup = 83EFED9D2687A0CA001031FE /* Products */;
			projectDirPath = "";
			projectRoot = "";
			targets = (
				83EFED9B2687A0CA001031FE /* XMissions-rest */,
			);
		};
/* End PBXProject section */

/* Begin PBXResourcesBuildPhase section */
		83EFED9A2687A0CA001031FE /* Resources */ = {
			isa = PBXResourcesBuildPhase;
			buildActionMask = 2147483647;
			files = (
				83EFEDE7268A337D001031FE /* IRANYekanMobileRegular.ttf in Resources */,
				83EFEDA72687A0CC001031FE /* Preview Assets.xcassets in Resources */,
				83EFEDE9268A337D001031FE /* IRANYekanMobileBold.ttf in Resources */,
				83EFEDE8268A337D001031FE /* IRANYekanMobileLight.ttf in Resources */,
				83EFEDA42687A0CC001031FE /* Assets.xcassets in Resources */,
			);
			runOnlyForDeploymentPostprocessing = 0;
		};
/* End PBXResourcesBuildPhase section */

/* Begin PBXShellScriptBuildPhase section */
		6E3598B6E6231AD8087E22C9 /* [CP] Check Pods Manifest.lock */ = {
			isa = PBXShellScriptBuildPhase;
			buildActionMask = 2147483647;
			files = (
			);
			inputFileListPaths = (
			);
			inputPaths = (
				"${PODS_PODFILE_DIR_PATH}/Podfile.lock",
				"${PODS_ROOT}/Manifest.lock",
			);
			name = "[CP] Check Pods Manifest.lock";
			outputFileListPaths = (
			);
			outputPaths = (
				"$(DERIVED_FILE_DIR)/Pods-XMissions-rest-checkManifestLockResult.txt",
			);
			runOnlyForDeploymentPostprocessing = 0;
			shellPath = /bin/sh;
			shellScript = "diff \"${PODS_PODFILE_DIR_PATH}/Podfile.lock\" \"${PODS_ROOT}/Manifest.lock\" > /dev/null\nif [ $? != 0 ] ; then\n    # print error to STDERR\n    echo \"error: The sandbox is not in sync with the Podfile.lock. Run 'pod install' or update your CocoaPods installation.\" >&2\n    exit 1\nfi\n# This output is used by Xcode 'outputs' to avoid re-running this script phase.\necho \"SUCCESS\" > \"${SCRIPT_OUTPUT_FILE_0}\"\n";
			showEnvVarsInLog = 0;
		};
		BEC09CC327E670F0CE746F17 /* [CP] Embed Pods Frameworks */ = {
			isa = PBXShellScriptBuildPhase;
			buildActionMask = 2147483647;
			files = (
			);
			inputFileListPaths = (
				"${PODS_ROOT}/Target Support Files/Pods-XMissions-rest/Pods-XMissions-rest-frameworks-${CONFIGURATION}-input-files.xcfilelist",
			);
			name = "[CP] Embed Pods Frameworks";
			outputFileListPaths = (
				"${PODS_ROOT}/Target Support Files/Pods-XMissions-rest/Pods-XMissions-rest-frameworks-${CONFIGURATION}-output-files.xcfilelist",
			);
			runOnlyForDeploymentPostprocessing = 0;
			shellPath = /bin/sh;
			shellScript = "\"${PODS_ROOT}/Target Support Files/Pods-XMissions-rest/Pods-XMissions-rest-frameworks.sh\"\n";
			showEnvVarsInLog = 0;
		};
/* End PBXShellScriptBuildPhase section */

/* Begin PBXSourcesBuildPhase section */
		83EFED982687A0CA001031FE /* Sources */ = {
			isa = PBXSourcesBuildPhase;
			buildActionMask = 2147483647;
			files = (
				83EFEDF0268C469F001031FE /* UpcomingList.swift in Sources */,
				83EFEDED268A4367001031FE /* Font.swift in Sources */,
				83EFEDCF2689ECDE001031FE /* CompanyVM.swift in Sources */,
				83EFEDBA26888A2A001031FE /* NetworkModel.swift in Sources */,
				83EFEDB82688869A001031FE /* URLs.swift in Sources */,
				83EFEDCD2688D46E001031FE /* CompanyView.swift in Sources */,
				830DD65B268DFB59000B85C3 /* ImageSlider.swift in Sources */,
				830DD658268DE8DA000B85C3 /* View.swift in Sources */,
				83EFEDF4268C4B73001031FE /* Date.swift in Sources */,
				83EFEDB32687A7CF001031FE /* ContentVM.swift in Sources */,
				83EFEDC02688D083001031FE /* HomeVM.swift in Sources */,
				83EFEDBE2688CF10001031FE /* Models.swift in Sources */,
				83EFEDCB2688D45F001031FE /* HomeView.swift in Sources */,
				83EFEDA22687A0CA001031FE /* ContentView.swift in Sources */,
				830DD661268E0B6A000B85C3 /* LabelDivider.swift in Sources */,
				83EFEDC72688D2FA001031FE /* Tools.swift in Sources */,
				830DD65F268DFC43000B85C3 /* Information.swift in Sources */,
				83EFEDB626888505001031FE /* Network.swift in Sources */,
				83EFEDC92688D402001031FE /* TabBarView.swift in Sources */,
				83EFEDF6268C5C94001031FE /* MissionDetails.swift in Sources */,
				83EFEDF2268C4A32001031FE /* MissionCell.swift in Sources */,
				83EFEDA02687A0CA001031FE /* XMissions_restApp.swift in Sources */,
			);
			runOnlyForDeploymentPostprocessing = 0;
		};
/* End PBXSourcesBuildPhase section */

/* Begin XCBuildConfiguration section */
		83EFEDA92687A0CC001031FE /* Debug */ = {
			isa = XCBuildConfiguration;
			buildSettings = {
				ALWAYS_SEARCH_USER_PATHS = NO;
				CLANG_ANALYZER_NONNULL = YES;
				CLANG_ANALYZER_NUMBER_OBJECT_CONVERSION = YES_AGGRESSIVE;
				CLANG_CXX_LANGUAGE_STANDARD = "gnu++14";
				CLANG_CXX_LIBRARY = "libc++";
				CLANG_ENABLE_MODULES = YES;
				CLANG_ENABLE_OBJC_ARC = YES;
				CLANG_ENABLE_OBJC_WEAK = YES;
				CLANG_WARN_BLOCK_CAPTURE_AUTORELEASING = YES;
				CLANG_WARN_BOOL_CONVERSION = YES;
				CLANG_WARN_COMMA = YES;
				CLANG_WARN_CONSTANT_CONVERSION = YES;
				CLANG_WARN_DEPRECATED_OBJC_IMPLEMENTATIONS = YES;
				CLANG_WARN_DIRECT_OBJC_ISA_USAGE = YES_ERROR;
				CLANG_WARN_DOCUMENTATION_COMMENTS = YES;
				CLANG_WARN_EMPTY_BODY = YES;
				CLANG_WARN_ENUM_CONVERSION = YES;
				CLANG_WARN_INFINITE_RECURSION = YES;
				CLANG_WARN_INT_CONVERSION = YES;
				CLANG_WARN_NON_LITERAL_NULL_CONVERSION = YES;
				CLANG_WARN_OBJC_IMPLICIT_RETAIN_SELF = YES;
				CLANG_WARN_OBJC_LITERAL_CONVERSION = YES;
				CLANG_WARN_OBJC_ROOT_CLASS = YES_ERROR;
				CLANG_WARN_QUOTED_INCLUDE_IN_FRAMEWORK_HEADER = YES;
				CLANG_WARN_RANGE_LOOP_ANALYSIS = YES;
				CLANG_WARN_STRICT_PROTOTYPES = YES;
				CLANG_WARN_SUSPICIOUS_MOVE = YES;
				CLANG_WARN_UNGUARDED_AVAILABILITY = YES_AGGRESSIVE;
				CLANG_WARN_UNREACHABLE_CODE = YES;
				CLANG_WARN__DUPLICATE_METHOD_MATCH = YES;
				COPY_PHASE_STRIP = NO;
				DEBUG_INFORMATION_FORMAT = dwarf;
				ENABLE_STRICT_OBJC_MSGSEND = YES;
				ENABLE_TESTABILITY = YES;
				GCC_C_LANGUAGE_STANDARD = gnu11;
				GCC_DYNAMIC_NO_PIC = NO;
				GCC_NO_COMMON_BLOCKS = YES;
				GCC_OPTIMIZATION_LEVEL = 0;
				GCC_PREPROCESSOR_DEFINITIONS = (
					"DEBUG=1",
					"$(inherited)",
				);
				GCC_WARN_64_TO_32_BIT_CONVERSION = YES;
				GCC_WARN_ABOUT_RETURN_TYPE = YES_ERROR;
				GCC_WARN_UNDECLARED_SELECTOR = YES;
				GCC_WARN_UNINITIALIZED_AUTOS = YES_AGGRESSIVE;
				GCC_WARN_UNUSED_FUNCTION = YES;
				GCC_WARN_UNUSED_VARIABLE = YES;
				IPHONEOS_DEPLOYMENT_TARGET = 14.5;
				MTL_ENABLE_DEBUG_INFO = INCLUDE_SOURCE;
				MTL_FAST_MATH = YES;
				ONLY_ACTIVE_ARCH = YES;
				SDKROOT = iphoneos;
				SWIFT_ACTIVE_COMPILATION_CONDITIONS = DEBUG;
				SWIFT_OPTIMIZATION_LEVEL = "-Onone";
			};
			name = Debug;
		};
		83EFEDAA2687A0CC001031FE /* Release */ = {
			isa = XCBuildConfiguration;
			buildSettings = {
				ALWAYS_SEARCH_USER_PATHS = NO;
				CLANG_ANALYZER_NONNULL = YES;
				CLANG_ANALYZER_NUMBER_OBJECT_CONVERSION = YES_AGGRESSIVE;
				CLANG_CXX_LANGUAGE_STANDARD = "gnu++14";
				CLANG_CXX_LIBRARY = "libc++";
				CLANG_ENABLE_MODULES = YES;
				CLANG_ENABLE_OBJC_ARC = YES;
				CLANG_ENABLE_OBJC_WEAK = YES;
				CLANG_WARN_BLOCK_CAPTURE_AUTORELEASING = YES;
				CLANG_WARN_BOOL_CONVERSION = YES;
				CLANG_WARN_COMMA = YES;
				CLANG_WARN_CONSTANT_CONVERSION = YES;
				CLANG_WARN_DEPRECATED_OBJC_IMPLEMENTATIONS = YES;
				CLANG_WARN_DIRECT_OBJC_ISA_USAGE = YES_ERROR;
				CLANG_WARN_DOCUMENTATION_COMMENTS = YES;
				CLANG_WARN_EMPTY_BODY = YES;
				CLANG_WARN_ENUM_CONVERSION = YES;
				CLANG_WARN_INFINITE_RECURSION = YES;
				CLANG_WARN_INT_CONVERSION = YES;
				CLANG_WARN_NON_LITERAL_NULL_CONVERSION = YES;
				CLANG_WARN_OBJC_IMPLICIT_RETAIN_SELF = YES;
				CLANG_WARN_OBJC_LITERAL_CONVERSION = YES;
				CLANG_WARN_OBJC_ROOT_CLASS = YES_ERROR;
				CLANG_WARN_QUOTED_INCLUDE_IN_FRAMEWORK_HEADER = YES;
				CLANG_WARN_RANGE_LOOP_ANALYSIS = YES;
				CLANG_WARN_STRICT_PROTOTYPES = YES;
				CLANG_WARN_SUSPICIOUS_MOVE = YES;
				CLANG_WARN_UNGUARDED_AVAILABILITY = YES_AGGRESSIVE;
				CLANG_WARN_UNREACHABLE_CODE = YES;
				CLANG_WARN__DUPLICATE_METHOD_MATCH = YES;
				COPY_PHASE_STRIP = NO;
				DEBUG_INFORMATION_FORMAT = "dwarf-with-dsym";
				ENABLE_NS_ASSERTIONS = NO;
				ENABLE_STRICT_OBJC_MSGSEND = YES;
				GCC_C_LANGUAGE_STANDARD = gnu11;
				GCC_NO_COMMON_BLOCKS = YES;
				GCC_WARN_64_TO_32_BIT_CONVERSION = YES;
				GCC_WARN_ABOUT_RETURN_TYPE = YES_ERROR;
				GCC_WARN_UNDECLARED_SELECTOR = YES;
				GCC_WARN_UNINITIALIZED_AUTOS = YES_AGGRESSIVE;
				GCC_WARN_UNUSED_FUNCTION = YES;
				GCC_WARN_UNUSED_VARIABLE = YES;
				IPHONEOS_DEPLOYMENT_TARGET = 14.5;
				MTL_ENABLE_DEBUG_INFO = NO;
				MTL_FAST_MATH = YES;
				SDKROOT = iphoneos;
				SWIFT_COMPILATION_MODE = wholemodule;
				SWIFT_OPTIMIZATION_LEVEL = "-O";
				VALIDATE_PRODUCT = YES;
			};
			name = Release;
		};
		83EFEDAC2687A0CC001031FE /* Debug */ = {
			isa = XCBuildConfiguration;
			baseConfigurationReference = D4A8564F8CD4570DB7EF5D38 /* Pods-XMissions-rest.debug.xcconfig */;
			buildSettings = {
				ASSETCATALOG_COMPILER_APPICON_NAME = AppIcon;
				ASSETCATALOG_COMPILER_GLOBAL_ACCENT_COLOR_NAME = AccentColor;
				CODE_SIGN_STYLE = Automatic;
				DEVELOPMENT_ASSET_PATHS = "\"XMissions-rest/Preview Content\"";
				DEVELOPMENT_TEAM = A68HUGZ3VD;
				ENABLE_PREVIEWS = YES;
				INFOPLIST_FILE = "XMissions-rest/Info.plist";
				IPHONEOS_DEPLOYMENT_TARGET = 14.0;
				LD_RUNPATH_SEARCH_PATHS = (
					"$(inherited)",
					"@executable_path/Frameworks",
				);
				PRODUCT_BUNDLE_IDENTIFIER = "mariorover.com.XMissions-rest";
				PRODUCT_NAME = "$(TARGET_NAME)";
				SWIFT_VERSION = 5.0;
				TARGETED_DEVICE_FAMILY = "1,2";
			};
			name = Debug;
		};
		83EFEDAD2687A0CC001031FE /* Release */ = {
			isa = XCBuildConfiguration;
			baseConfigurationReference = D2C09A29286A9D6C53DD299D /* Pods-XMissions-rest.release.xcconfig */;
			buildSettings = {
				ASSETCATALOG_COMPILER_APPICON_NAME = AppIcon;
				ASSETCATALOG_COMPILER_GLOBAL_ACCENT_COLOR_NAME = AccentColor;
				CODE_SIGN_STYLE = Automatic;
				DEVELOPMENT_ASSET_PATHS = "\"XMissions-rest/Preview Content\"";
				DEVELOPMENT_TEAM = A68HUGZ3VD;
				ENABLE_PREVIEWS = YES;
				INFOPLIST_FILE = "XMissions-rest/Info.plist";
				IPHONEOS_DEPLOYMENT_TARGET = 14.0;
				LD_RUNPATH_SEARCH_PATHS = (
					"$(inherited)",
					"@executable_path/Frameworks",
				);
				PRODUCT_BUNDLE_IDENTIFIER = "mariorover.com.XMissions-rest";
				PRODUCT_NAME = "$(TARGET_NAME)";
				SWIFT_VERSION = 5.0;
				TARGETED_DEVICE_FAMILY = "1,2";
			};
			name = Release;
		};
/* End XCBuildConfiguration section */

/* Begin XCConfigurationList section */
		83EFED972687A0CA001031FE /* Build configuration list for PBXProject "XMissions-rest" */ = {
			isa = XCConfigurationList;
			buildConfigurations = (
				83EFEDA92687A0CC001031FE /* Debug */,
				83EFEDAA2687A0CC001031FE /* Release */,
			);
			defaultConfigurationIsVisible = 0;
			defaultConfigurationName = Release;
		};
		83EFEDAB2687A0CC001031FE /* Build configuration list for PBXNativeTarget "XMissions-rest" */ = {
			isa = XCConfigurationList;
			buildConfigurations = (
				83EFEDAC2687A0CC001031FE /* Debug */,
				83EFEDAD2687A0CC001031FE /* Release */,
			);
			defaultConfigurationIsVisible = 0;
			defaultConfigurationName = Release;
		};
/* End XCConfigurationList section */
	};
	rootObject = 83EFED942687A0CA001031FE /* Project object */;
}
